
Microsoft Visual Studio Solution File, Format Version 12.00
# Visual Studio Version 17
VisualStudioVersion = 17.4.33403.182
MinimumVisualStudioVersion = 10.0.40219.1
Project("{FAE04EC0-301F-11D3-BF4B-00C04F79EFBC}") = "AzureFunctionsSettingsDemo", "AzureFunctionsSettingsDemo\AzureFunctionsSettingsDemo.csproj", "{832D04E4-2FFD-4C67-97A7-F3057798C64E}"
EndProject
Global
	GlobalSection(SolutionConfigurationPlatforms) = preSolution
		Debug|Any CPU = Debug|Any CPU
		Release|Any CPU = Release|Any CPU
	EndGlobalSection
	GlobalSection(ProjectConfigurationPlatforms) = postSolution
		{832D04E4-2FFD-4C67-97A7-F3057798C64E}.Debug|Any CPU.ActiveCfg = Debug|Any CPU
		{832D04E4-2FFD-4C67-97A7-F3057798C64E}.Debug|Any CPU.Build.0 = Debug|Any CPU
		{832D04E4-2FFD-4C67-97A7-F3057798C64E}.Release|Any CPU.ActiveCfg = Release|Any CPU
		{832D04E4-2FFD-4C67-97A7-F3057798C64E}.Release|Any CPU.Build.0 = Release|Any CPU
	EndGlobalSection
	GlobalSection(SolutionProperties) = preSolution
		HideSolutionNode = FALSE
	EndGlobalSection
	GlobalSection(ExtensibilityGlobals) = postSolution
		SolutionGuid = {EA0E9BC5-86E1-4489-97C6-24472049E3C3}
	EndGlobalSection
EndGlobal
